
Microsoft Visual Studio Solution File, Format Version 12.00
# Visual Studio 2013
VisualStudioVersion = 12.0.30723.0
MinimumVisualStudioVersion = 10.0.40219.1
Project("{9A19103F-16F7-4668-BE54-9A1E7A4F7556}") = "Sharp2D", "Sharp2D\Sharp2D.csproj", "{1EDCB581-8960-417A-929F-5EEF65A7F73D}"
EndProject
Project("{2150E333-8FDC-42A3-9474-1A3956D46DE8}") = ".nuget", ".nuget", "{3FCDDA21-1A78-4EF5-AE66-93649CA78B17}"
	ProjectSection(SolutionItems) = preProject
		.nuget\NuGet.Config = .nuget\NuGet.Config
		.nuget\NuGet.exe = .nuget\NuGet.exe
		.nuget\NuGet.targets = .nuget\NuGet.targets
	EndProjectSection
EndProject
Project("{FAE04EC0-301F-11D3-BF4B-00C04F79EFBC}") = "Fireflies", "Fireflies\Fireflies.csproj", "{5DAF86BC-3673-486F-987C-5B456D5DD60F}"
EndProject
Project("{FAE04EC0-301F-11D3-BF4B-00C04F79EFBC}") = "SomeGame", "SomeGame\SomeGame.csproj", "{8DAEDF6F-D530-4F91-B841-BA16CC46469E}"
EndProject
Global
	GlobalSection(SolutionConfigurationPlatforms) = preSolution
		Debug|Any CPU = Debug|Any CPU
		Release|Any CPU = Release|Any CPU
	EndGlobalSection
	GlobalSection(ProjectConfigurationPlatforms) = postSolution
		{1EDCB581-8960-417A-929F-5EEF65A7F73D}.Debug|Any CPU.ActiveCfg = Debug|Any CPU
		{1EDCB581-8960-417A-929F-5EEF65A7F73D}.Debug|Any CPU.Build.0 = Debug|Any CPU
		{1EDCB581-8960-417A-929F-5EEF65A7F73D}.Release|Any CPU.ActiveCfg = Release|Any CPU
		{1EDCB581-8960-417A-929F-5EEF65A7F73D}.Release|Any CPU.Build.0 = Release|Any CPU
		{5DAF86BC-3673-486F-987C-5B456D5DD60F}.Debug|Any CPU.ActiveCfg = Debug|Any CPU
		{5DAF86BC-3673-486F-987C-5B456D5DD60F}.Debug|Any CPU.Build.0 = Debug|Any CPU
		{5DAF86BC-3673-486F-987C-5B456D5DD60F}.Release|Any CPU.ActiveCfg = Release|Any CPU
		{5DAF86BC-3673-486F-987C-5B456D5DD60F}.Release|Any CPU.Build.0 = Release|Any CPU
		{8DAEDF6F-D530-4F91-B841-BA16CC46469E}.Debug|Any CPU.ActiveCfg = Debug|Any CPU
		{8DAEDF6F-D530-4F91-B841-BA16CC46469E}.Debug|Any CPU.Build.0 = Debug|Any CPU
		{8DAEDF6F-D530-4F91-B841-BA16CC46469E}.Release|Any CPU.ActiveCfg = Release|Any CPU
		{8DAEDF6F-D530-4F91-B841-BA16CC46469E}.Release|Any CPU.Build.0 = Release|Any CPU
	EndGlobalSection
	GlobalSection(SolutionProperties) = preSolution
		HideSolutionNode = FALSE
	EndGlobalSection
EndGlobal
